// !$*UTF8*$!
{
	archiveVersion = 1;
	classes = {
	};
	objectVersion = 56;
	objects = {

/* Begin PBXBuildFile section */
		7749F70529B461EC00D8F45E /* AppDelegate.swift in Sources */ = {isa = PBXBuildFile; fileRef = 7749F70429B461EC00D8F45E /* AppDelegate.swift */; };
		7749F70729B461EC00D8F45E /* SceneDelegate.swift in Sources */ = {isa = PBXBuildFile; fileRef = 7749F70629B461EC00D8F45E /* SceneDelegate.swift */; };
		7749F70C29B461EC00D8F45E /* Main.storyboard in Resources */ = {isa = PBXBuildFile; fileRef = 7749F70A29B461EC00D8F45E /* Main.storyboard */; };
		7749F70E29B461ED00D8F45E /* Assets.xcassets in Resources */ = {isa = PBXBuildFile; fileRef = 7749F70D29B461ED00D8F45E /* Assets.xcassets */; };
		7749F71129B461ED00D8F45E /* LaunchScreen.storyboard in Resources */ = {isa = PBXBuildFile; fileRef = 7749F70F29B461ED00D8F45E /* LaunchScreen.storyboard */; };
		7749F71929B4643500D8F45E /* BibleViewController.swift in Sources */ = {isa = PBXBuildFile; fileRef = 7749F71829B4643500D8F45E /* BibleViewController.swift */; };
		7749F71B29B4645D00D8F45E /* Bible.swift in Sources */ = {isa = PBXBuildFile; fileRef = 7749F71A29B4645D00D8F45E /* Bible.swift */; };
		7749F71D29B46DD800D8F45E /* BibleViewController+Extension.swift in Sources */ = {isa = PBXBuildFile; fileRef = 7749F71C29B46DD800D8F45E /* BibleViewController+Extension.swift */; };
		7749F71F29B477FE00D8F45E /* BibleVerse.swift in Sources */ = {isa = PBXBuildFile; fileRef = 7749F71E29B477FE00D8F45E /* BibleVerse.swift */; };
		77ED716329B599A000FC644C /* ChenYuluoyan-Thin.ttf in Resources */ = {isa = PBXBuildFile; fileRef = 77ED716229B599A000FC644C /* ChenYuluoyan-Thin.ttf */; };
/* End PBXBuildFile section */

/* Begin PBXFileReference section */
		7749F70129B461EC00D8F45E /* API GET & Picler View.app */ = {isa = PBXFileReference; explicitFileType = wrapper.application; includeInIndex = 0; path = "API GET & Picler View.app"; sourceTree = BUILT_PRODUCTS_DIR; };
		7749F70429B461EC00D8F45E /* AppDelegate.swift */ = {isa = PBXFileReference; lastKnownFileType = sourcecode.swift; path = AppDelegate.swift; sourceTree = "<group>"; };
		7749F70629B461EC00D8F45E /* SceneDelegate.swift */ = {isa = PBXFileReference; lastKnownFileType = sourcecode.swift; path = SceneDelegate.swift; sourceTree = "<group>"; };
		7749F70B29B461EC00D8F45E /* Base */ = {isa = PBXFileReference; lastKnownFileType = file.storyboard; name = Base; path = Base.lproj/Main.storyboard; sourceTree = "<group>"; };
		7749F70D29B461ED00D8F45E /* Assets.xcassets */ = {isa = PBXFileReference; lastKnownFileType = folder.assetcatalog; path = Assets.xcassets; sourceTree = "<group>"; };
		7749F71029B461ED00D8F45E /* Base */ = {isa = PBXFileReference; lastKnownFileType = file.storyboard; name = Base; path = Base.lproj/LaunchScreen.storyboard; sourceTree = "<group>"; };
		7749F71229B461ED00D8F45E /* Info.plist */ = {isa = PBXFileReference; lastKnownFileType = text.plist.xml; path = Info.plist; sourceTree = "<group>"; };
		7749F71829B4643500D8F45E /* BibleViewController.swift */ = {isa = PBXFileReference; lastKnownFileType = sourcecode.swift; path = BibleViewController.swift; sourceTree = "<group>"; };
		7749F71A29B4645D00D8F45E /* Bible.swift */ = {isa = PBXFileReference; lastKnownFileType = sourcecode.swift; path = Bible.swift; sourceTree = "<group>"; };
		7749F71C29B46DD800D8F45E /* BibleViewController+Extension.swift */ = {isa = PBXFileReference; lastKnownFileType = sourcecode.swift; path = "BibleViewController+Extension.swift"; sourceTree = "<group>"; };
		7749F71E29B477FE00D8F45E /* BibleVerse.swift */ = {isa = PBXFileReference; lastKnownFileType = sourcecode.swift; path = BibleVerse.swift; sourceTree = "<group>"; };
		77ED716229B599A000FC644C /* ChenYuluoyan-Thin.ttf */ = {isa = PBXFileReference; lastKnownFileType = file; path = "ChenYuluoyan-Thin.ttf"; sourceTree = "<group>"; };
/* End PBXFileReference section */

/* Begin PBXFrameworksBuildPhase section */
		7749F6FE29B461EC00D8F45E /* Frameworks */ = {
			isa = PBXFrameworksBuildPhase;
			buildActionMask = 2147483647;
			files = (
			);
			runOnlyForDeploymentPostprocessing = 0;
		};
/* End PBXFrameworksBuildPhase section */

/* Begin PBXGroup section */
		7749F6F829B461EC00D8F45E = {
			isa = PBXGroup;
			children = (
				7749F70329B461EC00D8F45E /* API GET & Picler View */,
				7749F70229B461EC00D8F45E /* Products */,
			);
			sourceTree = "<group>";
		};
		7749F70229B461EC00D8F45E /* Products */ = {
			isa = PBXGroup;
			children = (
				7749F70129B461EC00D8F45E /* API GET & Picler View.app */,
			);
			name = Products;
			sourceTree = "<group>";
		};
		7749F70329B461EC00D8F45E /* API GET & Picler View */ = {
			isa = PBXGroup;
			children = (
				7749F70429B461EC00D8F45E /* AppDelegate.swift */,
				7749F70629B461EC00D8F45E /* SceneDelegate.swift */,
				7749F70A29B461EC00D8F45E /* Main.storyboard */,
				7749F71C29B46DD800D8F45E /* BibleViewController+Extension.swift */,
				7749F71A29B4645D00D8F45E /* Bible.swift */,
				7749F71829B4643500D8F45E /* BibleViewController.swift */,
				7749F71E29B477FE00D8F45E /* BibleVerse.swift */,
				77ED716229B599A000FC644C /* ChenYuluoyan-Thin.ttf */,
				7749F70D29B461ED00D8F45E /* Assets.xcassets */,
				7749F70F29B461ED00D8F45E /* LaunchScreen.storyboard */,
				7749F71229B461ED00D8F45E /* Info.plist */,
			);
			path = "API GET & Picler View";
			sourceTree = "<group>";
		};
/* End PBXGroup section */

/* Begin PBXNativeTarget section */
		7749F70029B461EC00D8F45E /* API GET & Picler View */ = {
			isa = PBXNativeTarget;
			buildConfigurationList = 7749F71529B461ED00D8F45E /* Build configuration list for PBXNativeTarget "API GET & Picler View" */;
			buildPhases = (
				7749F6FD29B461EC00D8F45E /* Sources */,
				7749F6FE29B461EC00D8F45E /* Frameworks */,
				7749F6FF29B461EC00D8F45E /* Resources */,
			);
			buildRules = (
			);
			dependencies = (
			);
			name = "API GET & Picler View";
			productName = "API GET & Picler View";
			productReference = 7749F70129B461EC00D8F45E /* API GET & Picler View.app */;
			productType = "com.apple.product-type.application";
		};
/* End PBXNativeTarget section */

/* Begin PBXProject section */
		7749F6F929B461EC00D8F45E /* Project object */ = {
			isa = PBXProject;
			attributes = {
				BuildIndependentTargetsInParallel = 1;
				LastSwiftUpdateCheck = 1420;
				LastUpgradeCheck = 1420;
				TargetAttributes = {
					7749F70029B461EC00D8F45E = {
						CreatedOnToolsVersion = 14.2;
					};
				};
			};
			buildConfigurationList = 7749F6FC29B461EC00D8F45E /* Build configuration list for PBXProject "API GET & Picker View" */;
			compatibilityVersion = "Xcode 14.0";
			developmentRegion = en;
			hasScannedForEncodings = 0;
			knownRegions = (
				en,
				Base,
			);
			mainGroup = 7749F6F829B461EC00D8F45E;
			productRefGroup = 7749F70229B461EC00D8F45E /* Products */;
			projectDirPath = "";
			projectRoot = "";
			targets = (
				7749F70029B461EC00D8F45E /* API GET & Picler View */,
			);
		};
/* End PBXProject section */

/* Begin PBXResourcesBuildPhase section */
		7749F6FF29B461EC00D8F45E /* Resources */ = {
			isa = PBXResourcesBuildPhase;
			buildActionMask = 2147483647;
			files = (
				7749F71129B461ED00D8F45E /* LaunchScreen.storyboard in Resources */,
				77ED716329B599A000FC644C /* ChenYuluoyan-Thin.ttf in Resources */,
				7749F70E29B461ED00D8F45E /* Assets.xcassets in Resources */,
				7749F70C29B461EC00D8F45E /* Main.storyboard in Resources */,
			);
			runOnlyForDeploymentPostprocessing = 0;
		};
/* End PBXResourcesBuildPhase section */

/* Begin PBXSourcesBuildPhase section */
		7749F6FD29B461EC00D8F45E /* Sources */ = {
			isa = PBXSourcesBuildPhase;
			buildActionMask = 2147483647;
			files = (
				7749F71B29B4645D00D8F45E /* Bible.swift in Sources */,
				7749F71929B4643500D8F45E /* BibleViewController.swift in Sources */,
				7749F70529B461EC00D8F45E /* AppDelegate.swift in Sources */,
				7749F71D29B46DD800D8F45E /* BibleViewController+Extension.swift in Sources */,
				7749F71F29B477FE00D8F45E /* BibleVerse.swift in Sources */,
				7749F70729B461EC00D8F45E /* SceneDelegate.swift in Sources */,
			);
			runOnlyForDeploymentPostprocessing = 0;
		};
/* End PBXSourcesBuildPhase section */

/* Begin PBXVariantGroup section */
		7749F70A29B461EC00D8F45E /* Main.storyboard */ = {
			isa = PBXVariantGroup;
			children = (
				7749F70B29B461EC00D8F45E /* Base */,
			);
			name = Main.storyboard;
			sourceTree = "<group>";
		};
		7749F70F29B461ED00D8F45E /* LaunchScreen.storyboard */ = {
			isa = PBXVariantGroup;
			children = (
				7749F71029B461ED00D8F45E /* Base */,
			);
			name = LaunchScreen.storyboard;
			sourceTree = "<group>";
		};
/* End PBXVariantGroup section */

/* Begin XCBuildConfiguration section */
		7749F71329B461ED00D8F45E /* Debug */ = {
			isa = XCBuildConfiguration;
			buildSettings = {
				ALWAYS_SEARCH_USER_PATHS = NO;
				CLANG_ANALYZER_NONNULL = YES;
				CLANG_ANALYZER_NUMBER_OBJECT_CONVERSION = YES_AGGRESSIVE;
				CLANG_CXX_LANGUAGE_STANDARD = "gnu++20";
				CLANG_ENABLE_MODULES = YES;
				CLANG_ENABLE_OBJC_ARC = YES;
				CLANG_ENABLE_OBJC_WEAK = YES;
				CLANG_WARN_BLOCK_CAPTURE_AUTORELEASING = YES;
				CLANG_WARN_BOOL_CONVERSION = YES;
				CLANG_WARN_COMMA = YES;
				CLANG_WARN_CONSTANT_CONVERSION = YES;
				CLANG_WARN_DEPRECATED_OBJC_IMPLEMENTATIONS = YES;
				CLANG_WARN_DIRECT_OBJC_ISA_USAGE = YES_ERROR;
				CLANG_WARN_DOCUMENTATION_COMMENTS = YES;
				CLANG_WARN_EMPTY_BODY = YES;
				CLANG_WARN_ENUM_CONVERSION = YES;
				CLANG_WARN_INFINITE_RECURSION = YES;
				CLANG_WARN_INT_CONVERSION = YES;
				CLANG_WARN_NON_LITERAL_NULL_CONVERSION = YES;
				CLANG_WARN_OBJC_IMPLICIT_RETAIN_SELF = YES;
				CLANG_WARN_OBJC_LITERAL_CONVERSION = YES;
				CLANG_WARN_OBJC_ROOT_CLASS = YES_ERROR;
				CLANG_WARN_QUOTED_INCLUDE_IN_FRAMEWORK_HEADER = YES;
				CLANG_WARN_RANGE_LOOP_ANALYSIS = YES;
				CLANG_WARN_STRICT_PROTOTYPES = YES;
				CLANG_WARN_SUSPICIOUS_MOVE = YES;
				CLANG_WARN_UNGUARDED_AVAILABILITY = YES_AGGRESSIVE;
				CLANG_WARN_UNREACHABLE_CODE = YES;
				CLANG_WARN__DUPLICATE_METHOD_MATCH = YES;
				COPY_PHASE_STRIP = NO;
				DEBUG_INFORMATION_FORMAT = dwarf;
				ENABLE_STRICT_OBJC_MSGSEND = YES;
				ENABLE_TESTABILITY = YES;
				GCC_C_LANGUAGE_STANDARD = gnu11;
				GCC_DYNAMIC_NO_PIC = NO;
				GCC_NO_COMMON_BLOCKS = YES;
				GCC_OPTIMIZATION_LEVEL = 0;
				GCC_PREPROCESSOR_DEFINITIONS = (
					"DEBUG=1",
					"$(inherited)",
				);
				GCC_WARN_64_TO_32_BIT_CONVERSION = YES;
				GCC_WARN_ABOUT_RETURN_TYPE = YES_ERROR;
				GCC_WARN_UNDECLARED_SELECTOR = YES;
				GCC_WARN_UNINITIALIZED_AUTOS = YES_AGGRESSIVE;
				GCC_WARN_UNUSED_FUNCTION = YES;
				GCC_WARN_UNUSED_VARIABLE = YES;
				IPHONEOS_DEPLOYMENT_TARGET = 16.2;
				MTL_ENABLE_DEBUG_INFO = INCLUDE_SOURCE;
				MTL_FAST_MATH = YES;
				ONLY_ACTIVE_ARCH = YES;
				SDKROOT = iphoneos;
				SWIFT_ACTIVE_COMPILATION_CONDITIONS = DEBUG;
				SWIFT_OPTIMIZATION_LEVEL = "-Onone";
			};
			name = Debug;
		};
		7749F71429B461ED00D8F45E /* Release */ = {
			isa = XCBuildConfiguration;
			buildSettings = {
				ALWAYS_SEARCH_USER_PATHS = NO;
				CLANG_ANALYZER_NONNULL = YES;
				CLANG_ANALYZER_NUMBER_OBJECT_CONVERSION = YES_AGGRESSIVE;
				CLANG_CXX_LANGUAGE_STANDARD = "gnu++20";
				CLANG_ENABLE_MODULES = YES;
				CLANG_ENABLE_OBJC_ARC = YES;
				CLANG_ENABLE_OBJC_WEAK = YES;
				CLANG_WARN_BLOCK_CAPTURE_AUTORELEASING = YES;
				CLANG_WARN_BOOL_CONVERSION = YES;
				CLANG_WARN_COMMA = YES;
				CLANG_WARN_CONSTANT_CONVERSION = YES;
				CLANG_WARN_DEPRECATED_OBJC_IMPLEMENTATIONS = YES;
				CLANG_WARN_DIRECT_OBJC_ISA_USAGE = YES_ERROR;
				CLANG_WARN_DOCUMENTATION_COMMENTS = YES;
				CLANG_WARN_EMPTY_BODY = YES;
				CLANG_WARN_ENUM_CONVERSION = YES;
				CLANG_WARN_INFINITE_RECURSION = YES;
				CLANG_WARN_INT_CONVERSION = YES;
				CLANG_WARN_NON_LITERAL_NULL_CONVERSION = YES;
				CLANG_WARN_OBJC_IMPLICIT_RETAIN_SELF = YES;
				CLANG_WARN_OBJC_LITERAL_CONVERSION = YES;
				CLANG_WARN_OBJC_ROOT_CLASS = YES_ERROR;
				CLANG_WARN_QUOTED_INCLUDE_IN_FRAMEWORK_HEADER = YES;
				CLANG_WARN_RANGE_LOOP_ANALYSIS = YES;
				CLANG_WARN_STRICT_PROTOTYPES = YES;
				CLANG_WARN_SUSPICIOUS_MOVE = YES;
				CLANG_WARN_UNGUARDED_AVAILABILITY = YES_AGGRESSIVE;
				CLANG_WARN_UNREACHABLE_CODE = YES;
				CLANG_WARN__DUPLICATE_METHOD_MATCH = YES;
				COPY_PHASE_STRIP = NO;
				DEBUG_INFORMATION_FORMAT = "dwarf-with-dsym";
				ENABLE_NS_ASSERTIONS = NO;
				ENABLE_STRICT_OBJC_MSGSEND = YES;
				GCC_C_LANGUAGE_STANDARD = gnu11;
				GCC_NO_COMMON_BLOCKS = YES;
				GCC_WARN_64_TO_32_BIT_CONVERSION = YES;
				GCC_WARN_ABOUT_RETURN_TYPE = YES_ERROR;
				GCC_WARN_UNDECLARED_SELECTOR = YES;
				GCC_WARN_UNINITIALIZED_AUTOS = YES_AGGRESSIVE;
				GCC_WARN_UNUSED_FUNCTION = YES;
				GCC_WARN_UNUSED_VARIABLE = YES;
				IPHONEOS_DEPLOYMENT_TARGET = 16.2;
				MTL_ENABLE_DEBUG_INFO = NO;
				MTL_FAST_MATH = YES;
				SDKROOT = iphoneos;
				SWIFT_COMPILATION_MODE = wholemodule;
				SWIFT_OPTIMIZATION_LEVEL = "-O";
				VALIDATE_PRODUCT = YES;
			};
			name = Release;
		};
		7749F71629B461ED00D8F45E /* Debug */ = {
			isa = XCBuildConfiguration;
			buildSettings = {
				ASSETCATALOG_COMPILER_APPICON_NAME = AppIcon;
				ASSETCATALOG_COMPILER_GLOBAL_ACCENT_COLOR_NAME = AccentColor;
				CODE_SIGN_STYLE = Automatic;
				CURRENT_PROJECT_VERSION = 1;
				DEVELOPMENT_TEAM = CFFK3CHSWD;
				GENERATE_INFOPLIST_FILE = YES;
				INFOPLIST_FILE = "API GET & Picler View/Info.plist";
				INFOPLIST_KEY_UIApplicationSupportsIndirectInputEvents = YES;
				INFOPLIST_KEY_UILaunchStoryboardName = LaunchScreen;
				INFOPLIST_KEY_UIMainStoryboardFile = Main;
				INFOPLIST_KEY_UISupportedInterfaceOrientations_iPad = "UIInterfaceOrientationPortrait UIInterfaceOrientationPortraitUpsideDown UIInterfaceOrientationLandscapeLeft UIInterfaceOrientationLandscapeRight";
				INFOPLIST_KEY_UISupportedInterfaceOrientations_iPhone = "UIInterfaceOrientationPortrait UIInterfaceOrientationLandscapeLeft UIInterfaceOrientationLandscapeRight";
				LD_RUNPATH_SEARCH_PATHS = (
					"$(inherited)",
					"@executable_path/Frameworks",
				);
				MARKETING_VERSION = 1.0;
				PRODUCT_BUNDLE_IDENTIFIER = "com.RyanCY.API-GET---Picler-View";
				PRODUCT_NAME = "$(TARGET_NAME)";
				SWIFT_EMIT_LOC_STRINGS = YES;
				SWIFT_VERSION = 5.0;
				TARGETED_DEVICE_FAMILY = "1,2";
			};
			name = Debug;
		};
		7749F71729B461ED00D8F45E /* Release */ = {
			isa = XCBuildConfiguration;
			buildSettings = {
				ASSETCATALOG_COMPILER_APPICON_NAME = AppIcon;
				ASSETCATALOG_COMPILER_GLOBAL_ACCENT_COLOR_NAME = AccentColor;
				CODE_SIGN_STYLE = Automatic;
				CURRENT_PROJECT_VERSION = 1;
				DEVELOPMENT_TEAM = CFFK3CHSWD;
				GENERATE_INFOPLIST_FILE = YES;
				INFOPLIST_FILE = "API GET & Picler View/Info.plist";
				INFOPLIST_KEY_UIApplicationSupportsIndirectInputEvents = YES;
				INFOPLIST_KEY_UILaunchStoryboardName = LaunchScreen;
				INFOPLIST_KEY_UIMainStoryboardFile = Main;
				INFOPLIST_KEY_UISupportedInterfaceOrientations_iPad = "UIInterfaceOrientationPortrait UIInterfaceOrientationPortraitUpsideDown UIInterfaceOrientationLandscapeLeft UIInterfaceOrientationLandscapeRight";
				INFOPLIST_KEY_UISupportedInterfaceOrientations_iPhone = "UIInterfaceOrientationPortrait UIInterfaceOrientationLandscapeLeft UIInterfaceOrientationLandscapeRight";
				LD_RUNPATH_SEARCH_PATHS = (
					"$(inherited)",
					"@executable_path/Frameworks",
				);
				MARKETING_VERSION = 1.0;
				PRODUCT_BUNDLE_IDENTIFIER = "com.RyanCY.API-GET---Picler-View";
				PRODUCT_NAME = "$(TARGET_NAME)";
				SWIFT_EMIT_LOC_STRINGS = YES;
				SWIFT_VERSION = 5.0;
				TARGETED_DEVICE_FAMILY = "1,2";
			};
			name = Release;
		};
/* End XCBuildConfiguration section */

/* Begin XCConfigurationList section */
		7749F6FC29B461EC00D8F45E /* Build configuration list for PBXProject "API GET & Picker View" */ = {
			isa = XCConfigurationList;
			buildConfigurations = (
				7749F71329B461ED00D8F45E /* Debug */,
				7749F71429B461ED00D8F45E /* Release */,
			);
			defaultConfigurationIsVisible = 0;
			defaultConfigurationName = Release;
		};
		7749F71529B461ED00D8F45E /* Build configuration list for PBXNativeTarget "API GET & Picler View" */ = {
			isa = XCConfigurationList;
			buildConfigurations = (
				7749F71629B461ED00D8F45E /* Debug */,
				7749F71729B461ED00D8F45E /* Release */,
			);
			defaultConfigurationIsVisible = 0;
			defaultConfigurationName = Release;
		};
/* End XCConfigurationList section */
	};
	rootObject = 7749F6F929B461EC00D8F45E /* Project object */;
}
